<?xml version="1.0" encoding="utf-8"?>
<Project ToolsVersion="4.0" xmlns="http://schemas.microsoft.com/developer/msbuild/2003">
  <ItemGroup>
    <Filter Include="Coordinator">
      <UniqueIdentifier>{c940afa2-1653-4aeb-a94a-94b02ad50e21}</UniqueIdentifier>
    </Filter>
    <Filter Include="Coordinator\Processing">
      <UniqueIdentifier>{9f348bb4-3b38-4210-b301-e59fb5d7542e}</UniqueIdentifier>
    </Filter>
    <Filter Include="Coordinator\Processing\Events">
      <UniqueIdentifier>{c88e137f-ec18-4d60-9b47-51f3022816f1}</UniqueIdentifier>
    </Filter>
    <Filter Include="Coordinator\Processing\Main">
      <UniqueIdentifier>{02a61e4e-f97e-4a39-a614-c25fa6914312}</UniqueIdentifier>
    </Filter>
    <Filter Include="Platform Specific">
      <UniqueIdentifier>{51d1af73-ac0a-4e0f-8bf5-f4995cf5d2e6}</UniqueIdentifier>
    </Filter>
    <Filter Include="Coordinator\Serial">
      <UniqueIdentifier>{24bee58c-eb2d-4480-8ac8-0886749428b0}</UniqueIdentifier>
    </Filter>
    <Filter Include="Coordinator\Processing\Data">
      <UniqueIdentifier>{4a087561-1a76-437d-9cd2-8cad15f89c95}</UniqueIdentifier>
    </Filter>
    <Filter Include="Coordinator\Processing\Data\DataHandlers">
      <UniqueIdentifier>{300fd152-ba19-4944-a50d-0d980aed017f}</UniqueIdentifier>
    </Filter>
    <Filter Include="Coordinator\Processing\Events\EventHandlers">
      <UniqueIdentifier>{61c60540-f1f2-4611-8e5a-fde3e2afa48e}</UniqueIdentifier>
    </Filter>
    <Filter Include="Ngc_Rs274">
      <UniqueIdentifier>{4f78c888-d9cc-4d31-829f-49da5ea8e419}</UniqueIdentifier>
    </Filter>
    <Filter Include="Ngc_Rs274\MachineSpecific">
      <UniqueIdentifier>{bdc1fc72-3687-4995-b0db-3c6f9607cf96}</UniqueIdentifier>
    </Filter>
    <Filter Include="Ngc_Rs274\MachineSpecific\Lathe">
      <UniqueIdentifier>{b2b32db5-d28e-4095-aa97-81ecb00f0228}</UniqueIdentifier>
    </Filter>
    <Filter Include="Ngc_Rs274\MachineSpecific\Mill">
      <UniqueIdentifier>{d003fd04-39ed-4126-8152-be37c9312c60}</UniqueIdentifier>
    </Filter>
    <Filter Include="Motion">
      <UniqueIdentifier>{ef714a6e-cbba-466e-97d5-1a5a039f896e}</UniqueIdentifier>
    </Filter>
    <Filter Include="Motion\Processing">
      <UniqueIdentifier>{8ef15568-a3cc-465b-a357-8d8a292d8a36}</UniqueIdentifier>
    </Filter>
    <Filter Include="Motion\Processing\GCode">
      <UniqueIdentifier>{8cdf4da6-238b-4793-a420-f027b74bc8d8}</UniqueIdentifier>
    </Filter>
    <Filter Include="Shared Data">
      <UniqueIdentifier>{c1ba3884-8fc3-46cf-aa6a-d4572b181ae5}</UniqueIdentifier>
    </Filter>
    <Filter Include="Ngc_Rs274\Dialect">
      <UniqueIdentifier>{9eccca2d-1da0-4dc1-b64e-96f4e0acc195}</UniqueIdentifier>
    </Filter>
    <Filter Include="Configuration">
      <UniqueIdentifier>{e1574bd0-3650-4e23-8650-59b11823a09f}</UniqueIdentifier>
    </Filter>
  </ItemGroup>
  <ItemGroup>
    <ClInclude Include="..\..\..\..\communication_def.h" />
    <ClInclude Include="..\..\..\..\physical_machine_parameters.h" />
    <ClInclude Include="..\..\..\..\Coordinator\coordinator_hardware_def.h">
      <Filter>Coordinator</Filter>
    </ClInclude>
    <ClInclude Include="..\..\..\..\Coordinator\Processing\Main\Main_Process.h">
      <Filter>Coordinator\Processing\Main</Filter>
    </ClInclude>
    <ClInclude Include="..\..\..\..\Coordinator\Processing\Events\c_events.h">
      <Filter>Coordinator\Processing\Events</Filter>
    </ClInclude>
    <ClInclude Include="Platform Specific\c_core_win.h">
      <Filter>Platform Specific</Filter>
    </ClInclude>
    <ClInclude Include="Platform Specific\c_serial_win.h">
      <Filter>Platform Specific</Filter>
    </ClInclude>
    <ClInclude Include="Platform Specific\c_spi_win.h">
      <Filter>Platform Specific</Filter>
    </ClInclude>
    <ClInclude Include="..\..\..\..\c_ring_template.h" />
    <ClInclude Include="..\..\..\..\Coordinator\Serial\c_Serial.h">
      <Filter>Coordinator\Serial</Filter>
    </ClInclude>
    <ClInclude Include="..\..\..\..\Coordinator\Processing\Data\DataHandlers\c_binary_data_handler.h">
      <Filter>Coordinator\Processing\Data\DataHandlers</Filter>
    </ClInclude>
    <ClInclude Include="..\..\..\..\Coordinator\Processing\Data\DataHandlers\c_ngc_data_handler.h">
      <Filter>Coordinator\Processing\Data\DataHandlers</Filter>
    </ClInclude>
    <ClInclude Include="..\..\..\..\Coordinator\Processing\Events\extern_events_types.h">
      <Filter>Coordinator\Processing\Events</Filter>
    </ClInclude>
    <ClInclude Include="..\..\..\..\Coordinator\Processing\Events\EventHandlers\c_data_events.h">
      <Filter>Coordinator\Processing\Events\EventHandlers</Filter>
    </ClInclude>
    <ClInclude Include="..\..\..\..\Coordinator\Processing\Events\EventHandlers\c_network_data_events.h">
      <Filter>Coordinator\Processing\Events\EventHandlers</Filter>
    </ClInclude>
    <ClInclude Include="..\..\..\..\Coordinator\Processing\Events\EventHandlers\c_serial_event_handler.h">
      <Filter>Coordinator\Processing\Events\EventHandlers</Filter>
    </ClInclude>
    <ClInclude Include="..\..\..\..\Coordinator\Processing\Events\EventHandlers\c_spi_data_events.h">
      <Filter>Coordinator\Processing\Events\EventHandlers</Filter>
    </ClInclude>
    <ClInclude Include="..\..\..\..\Coordinator\Processing\Events\EventHandlers\c_system_events.h">
      <Filter>Coordinator\Processing\Events\EventHandlers</Filter>
    </ClInclude>
    <ClInclude Include="..\..\..\..\NGC_RS274\Machine Specific\Lathe\NGC_G_Codes.h">
      <Filter>Ngc_Rs274\MachineSpecific\Lathe</Filter>
    </ClInclude>
    <ClInclude Include="..\..\..\..\NGC_RS274\Machine Specific\Lathe\NGC_Lathe.h">
      <Filter>Ngc_Rs274\MachineSpecific\Lathe</Filter>
    </ClInclude>
    <ClInclude Include="..\..\..\..\NGC_RS274\Machine Specific\Lathe\NGC_M_Codes.h">
      <Filter>Ngc_Rs274\MachineSpecific\Lathe</Filter>
    </ClInclude>
    <ClInclude Include="..\..\..\..\NGC_RS274\Machine Specific\Mill\NGC_G_Codes.h">
      <Filter>Ngc_Rs274\MachineSpecific\Mill</Filter>
    </ClInclude>
    <ClInclude Include="..\..\..\..\NGC_RS274\Machine Specific\Mill\NGC_M_Codes.h">
      <Filter>Ngc_Rs274\MachineSpecific\Mill</Filter>
    </ClInclude>
    <ClInclude Include="..\..\..\..\NGC_RS274\Machine Specific\Mill\NGC_Mill.h">
      <Filter>Ngc_Rs274\MachineSpecific\Mill</Filter>
    </ClInclude>
    <ClInclude Include="..\..\..\..\Coordinator\Processing\Events\EventHandlers\c_ancillary_event_handler.h">
      <Filter>Coordinator\Processing\Events\EventHandlers</Filter>
    </ClInclude>
    <ClInclude Include="Platform Specific\c_disk_win.h">
      <Filter>Platform Specific</Filter>
    </ClInclude>
    <ClInclude Include="..\..\..\..\NGC_RS274\_ngc_block_event_enums.h">
      <Filter>Ngc_Rs274</Filter>
    </ClInclude>
    <ClInclude Include="..\..\..\..\NGC_RS274\_ngc_block_struct.h">
      <Filter>Ngc_Rs274</Filter>
    </ClInclude>
    <ClInclude Include="..\..\..\..\NGC_RS274\_ngc_compensation_enums.h">
      <Filter>Ngc_Rs274</Filter>
    </ClInclude>
    <ClInclude Include="..\..\..\..\NGC_RS274\_ngc_defines.h">
      <Filter>Ngc_Rs274</Filter>
    </ClInclude>
    <ClInclude Include="..\..\..\..\NGC_RS274\_ngc_errors_interpreter.h">
      <Filter>Ngc_Rs274</Filter>
    </ClInclude>
    <ClInclude Include="..\..\..\..\NGC_RS274\_ngc_g_groups.h">
      <Filter>Ngc_Rs274</Filter>
    </ClInclude>
    <ClInclude Include="..\..\..\..\NGC_RS274\_ngc_m_groups.h">
      <Filter>Ngc_Rs274</Filter>
    </ClInclude>
    <ClInclude Include="..\..\..\..\NGC_RS274\NGC_Block_Assignor.h">
      <Filter>Ngc_Rs274</Filter>
    </ClInclude>
    <ClInclude Include="..\..\..\..\NGC_RS274\NGC_Block_View.h">
      <Filter>Ngc_Rs274</Filter>
    </ClInclude>
    <ClInclude Include="..\..\..\..\NGC_RS274\NGC_Comp.h">
      <Filter>Ngc_Rs274</Filter>
    </ClInclude>
    <ClInclude Include="..\..\..\..\NGC_RS274\NGC_Error_Check.h">
      <Filter>Ngc_Rs274</Filter>
    </ClInclude>
    <ClInclude Include="..\..\..\..\NGC_RS274\NGC_Errors.h">
      <Filter>Ngc_Rs274</Filter>
    </ClInclude>
    <ClInclude Include="..\..\..\..\NGC_RS274\NGC_Line_Processor.h">
      <Filter>Ngc_Rs274</Filter>
    </ClInclude>
    <ClInclude Include="..\..\..\..\NGC_RS274\NGC_Parameters.h">
      <Filter>Ngc_Rs274</Filter>
    </ClInclude>
    <ClInclude Include="..\..\..\..\_bit_flag_control.h" />
    <ClInclude Include="..\..\..\..\_bit_manipulation.h" />
    <ClInclude Include="..\..\..\..\NGC_RS274\_ngc_point_definition.h">
      <Filter>Ngc_Rs274</Filter>
    </ClInclude>
    <ClInclude Include="..\..\..\..\NGC_RS274\_ngc_math_constants.h">
      <Filter>Ngc_Rs274</Filter>
    </ClInclude>
    <ClInclude Include="..\..\..\..\Shared Data\_peripheral_overide_enums.h">
      <Filter>Shared Data</Filter>
    </ClInclude>
    <ClInclude Include="..\..\..\..\Shared Data\_peripheral_panel_control_enums.h">
      <Filter>Shared Data</Filter>
    </ClInclude>
    <ClInclude Include="..\..\..\..\Shared Data\_s_jog_data_struct.h">
      <Filter>Shared Data</Filter>
    </ClInclude>
    <ClInclude Include="..\..\..\..\Shared Data\_s_peripheral_panel_struct.h">
      <Filter>Shared Data</Filter>
    </ClInclude>
    <ClInclude Include="..\..\..\..\Shared Data\_system_response_enums.h">
      <Filter>Shared Data</Filter>
    </ClInclude>
    <ClInclude Include="..\..\..\..\Shared Data\_system_sub_state_enums.h">
      <Filter>Shared Data</Filter>
    </ClInclude>
    <ClInclude Include="..\..\..\..\Shared Data\_sytem_state_enums.h">
      <Filter>Shared Data</Filter>
    </ClInclude>
    <ClInclude Include="..\..\..\..\Shared Data\_unit_type_enums.h">
      <Filter>Shared Data</Filter>
    </ClInclude>
    <ClInclude Include="..\..\..\..\Shared Data\_binary_record_enums.h">
      <Filter>Shared Data</Filter>
    </ClInclude>
    <ClInclude Include="..\..\..\..\NGC_RS274\_ngc_arc_struct.h">
      <Filter>Ngc_Rs274</Filter>
    </ClInclude>
    <ClInclude Include="..\..\..\..\NGC_RS274\_ngc_axis_struct.h">
      <Filter>Ngc_Rs274</Filter>
    </ClInclude>
    <ClInclude Include="..\..\..\..\NGC_RS274\_ngc_plane_struct.h">
      <Filter>Ngc_Rs274</Filter>
    </ClInclude>
    <ClInclude Include="..\..\..\..\NGC_RS274\NGC_Set_Targets.h">
      <Filter>Ngc_Rs274</Filter>
    </ClInclude>
    <ClInclude Include="..\..\..\..\NGC_RS274\NGC_Tool.h">
      <Filter>Ngc_Rs274</Filter>
    </ClInclude>
    <ClInclude Include="..\..\..\..\NGC_RS274\_ngc_tool_struct.h">
      <Filter>Ngc_Rs274</Filter>
    </ClInclude>
    <ClInclude Include="..\..\..\..\NGC_RS274\Dialect\_ngc_validate_1_motion.h">
      <Filter>Ngc_Rs274\Dialect</Filter>
    </ClInclude>
    <ClInclude Include="..\..\..\..\NGC_RS274\Dialect\_ngc_dialect_validate.h">
      <Filter>Ngc_Rs274\Dialect</Filter>
    </ClInclude>
    <ClInclude Include="..\..\..\..\NGC_RS274\Dialect\_ngc_validate_16_plane_rotation.h">
      <Filter>Ngc_Rs274\Dialect</Filter>
    </ClInclude>
    <ClInclude Include="..\..\..\..\NGC_RS274\Dialect\_ngc_validate_0_nonmodal.h">
      <Filter>Ngc_Rs274\Dialect</Filter>
    </ClInclude>
    <ClInclude Include="..\..\..\..\NGC_RS274\_ngc_dialect_enum.h">
      <Filter>Ngc_Rs274</Filter>
    </ClInclude>
    <ClInclude Include="..\..\..\..\NGC_RS274\Dialect\_ngc_validate_5_feed_rate_mode.h">
      <Filter>Ngc_Rs274\Dialect</Filter>
    </ClInclude>
    <ClInclude Include="..\..\..\..\Configuration\_interp_config_struct.h">
      <Filter>Configuration</Filter>
    </ClInclude>
    <ClInclude Include="..\..\..\..\Motion\Processing\GCode\xc_gcode_buffer.h">
      <Filter>Motion\Processing\GCode</Filter>
    </ClInclude>
    <ClInclude Include="..\..\..\..\Shared Data\_s_interp_config_struct.h">
      <Filter>Shared Data</Filter>
    </ClInclude>
    <ClInclude Include="..\..\..\..\Configuration\c_configuration.h">
      <Filter>Configuration</Filter>
    </ClInclude>
  </ItemGroup>
  <ItemGroup>
    <ClCompile Include="..\..\..\..\Coordinator\coordinator_main.cpp">
      <Filter>Coordinator</Filter>
    </ClCompile>
    <ClCompile Include="..\..\..\..\Coordinator\Processing\Main\Main_Process.cpp">
      <Filter>Coordinator\Processing\Main</Filter>
    </ClCompile>
    <ClCompile Include="..\..\..\..\Coordinator\Processing\Events\c_events.cpp">
      <Filter>Coordinator\Processing\Events</Filter>
    </ClCompile>
    <ClCompile Include="Platform Specific\c_core_win.cpp">
      <Filter>Platform Specific</Filter>
    </ClCompile>
    <ClCompile Include="Platform Specific\c_serial_win.cpp">
      <Filter>Platform Specific</Filter>
    </ClCompile>
    <ClCompile Include="Platform Specific\c_spi_win.cpp">
      <Filter>Platform Specific</Filter>
    </ClCompile>
    <ClCompile Include="..\..\..\..\Coordinator\Serial\c_Serial.cpp">
      <Filter>Coordinator\Serial</Filter>
    </ClCompile>
    <ClCompile Include="..\..\..\..\Coordinator\Processing\Data\DataHandlers\c_binary_data_handler.cpp">
      <Filter>Coordinator\Processing\Data\DataHandlers</Filter>
    </ClCompile>
    <ClCompile Include="..\..\..\..\Coordinator\Processing\Data\DataHandlers\c_ngc_data_handler.cpp">
      <Filter>Coordinator\Processing\Data\DataHandlers</Filter>
    </ClCompile>
    <ClCompile Include="..\..\..\..\Coordinator\Processing\Events\EventHandlers\c_data_events.cpp">
      <Filter>Coordinator\Processing\Events\EventHandlers</Filter>
    </ClCompile>
    <ClCompile Include="..\..\..\..\Coordinator\Processing\Events\EventHandlers\c_network_data_events.cpp">
      <Filter>Coordinator\Processing\Events\EventHandlers</Filter>
    </ClCompile>
    <ClCompile Include="..\..\..\..\Coordinator\Processing\Events\EventHandlers\c_serial_event_handler.cpp">
      <Filter>Coordinator\Processing\Events\EventHandlers</Filter>
    </ClCompile>
    <ClCompile Include="..\..\..\..\Coordinator\Processing\Events\EventHandlers\c_spi_data_events.cpp">
      <Filter>Coordinator\Processing\Events\EventHandlers</Filter>
    </ClCompile>
    <ClCompile Include="..\..\..\..\Coordinator\Processing\Events\EventHandlers\c_system_events.cpp">
      <Filter>Coordinator\Processing\Events\EventHandlers</Filter>
    </ClCompile>
    <ClCompile Include="..\..\..\..\NGC_RS274\Machine Specific\Lathe\NGC_Lathe.cpp">
      <Filter>Ngc_Rs274\MachineSpecific\Lathe</Filter>
    </ClCompile>
    <ClCompile Include="..\..\..\..\NGC_RS274\Machine Specific\Mill\NGC_Mill.cpp">
      <Filter>Ngc_Rs274\MachineSpecific\Mill</Filter>
    </ClCompile>
    <ClCompile Include="..\..\..\..\Coordinator\Processing\Events\EventHandlers\c_ancillary_event_handler.cpp">
      <Filter>Coordinator\Processing\Events\EventHandlers</Filter>
    </ClCompile>
    <ClCompile Include="Platform Specific\c_disk_win.cpp">
      <Filter>Platform Specific</Filter>
    </ClCompile>
    <ClCompile Include="..\..\..\..\NGC_RS274\NGC_Block_Assignor.cpp">
      <Filter>Ngc_Rs274</Filter>
    </ClCompile>
    <ClCompile Include="..\..\..\..\NGC_RS274\NGC_Block_View.cpp">
      <Filter>Ngc_Rs274</Filter>
    </ClCompile>
    <ClCompile Include="..\..\..\..\NGC_RS274\NGC_Comp.cpp">
      <Filter>Ngc_Rs274</Filter>
    </ClCompile>
    <ClCompile Include="..\..\..\..\NGC_RS274\NGC_Error_Check.cpp">
      <Filter>Ngc_Rs274</Filter>
    </ClCompile>
    <ClCompile Include="..\..\..\..\NGC_RS274\NGC_Line_Processor.cpp">
      <Filter>Ngc_Rs274</Filter>
    </ClCompile>
    <ClCompile Include="..\..\..\..\NGC_RS274\NGC_Parameters.cpp">
      <Filter>Ngc_Rs274</Filter>
    </ClCompile>
    <ClCompile Include="..\..\..\..\NGC_RS274\NGC_Set_Targets.cpp">
      <Filter>Ngc_Rs274</Filter>
    </ClCompile>
    <ClCompile Include="..\..\..\..\NGC_RS274\NGC_Tool.cpp">
      <Filter>Ngc_Rs274</Filter>
    </ClCompile>
    <ClCompile Include="..\..\..\..\NGC_RS274\Dialect\_ngc_validate_16_plane_rotation.cpp">
      <Filter>Ngc_Rs274\Dialect</Filter>
    </ClCompile>
    <ClCompile Include="..\..\..\..\NGC_RS274\Dialect\_ngc_dialect_validate.cpp">
      <Filter>Ngc_Rs274\Dialect</Filter>
    </ClCompile>
    <ClCompile Include="..\..\..\..\NGC_RS274\Dialect\_ngc_validate_1_motion.cpp">
      <Filter>Ngc_Rs274\Dialect</Filter>
    </ClCompile>
    <ClCompile Include="..\..\..\..\NGC_RS274\Dialect\_ngc_validate_5_feed_rate_mode.cpp">
      <Filter>Ngc_Rs274\Dialect</Filter>
    </ClCompile>
    <ClCompile Include="..\..\..\..\NGC_RS274\Dialect\_ngc_validate_0_nonmodal.cpp">
      <Filter>Ngc_Rs274\Dialect</Filter>
    </ClCompile>
    <ClCompile Include="..\..\..\..\Motion\Processing\GCode\xc_gcode_buffer.cpp">
      <Filter>Motion\Processing\GCode</Filter>
    </ClCompile>
    <ClCompile Include="..\..\..\..\Configuration\c_configuration.cpp">
      <Filter>Configuration</Filter>
    </ClCompile>
  </ItemGroup>
  <ItemGroup>
    <Text Include="Process.txt" />
    <Text Include="config.txt" />
  </ItemGroup>
</Project>