<?xml version="1.0" encoding="utf-8"?>
<Project ToolsVersion="4.0" xmlns="http://schemas.microsoft.com/developer/msbuild/2003">
  <ItemGroup>
    <Filter Include="Coordinator">
      <UniqueIdentifier>{c940afa2-1653-4aeb-a94a-94b02ad50e21}</UniqueIdentifier>
    </Filter>
    <Filter Include="Coordinator\Processing">
      <UniqueIdentifier>{9f348bb4-3b38-4210-b301-e59fb5d7542e}</UniqueIdentifier>
    </Filter>
    <Filter Include="Coordinator\Processing\Events">
      <UniqueIdentifier>{c88e137f-ec18-4d60-9b47-51f3022816f1}</UniqueIdentifier>
    </Filter>
    <Filter Include="Coordinator\Processing\Main">
      <UniqueIdentifier>{02a61e4e-f97e-4a39-a614-c25fa6914312}</UniqueIdentifier>
    </Filter>
    <Filter Include="Platform Specific">
      <UniqueIdentifier>{51d1af73-ac0a-4e0f-8bf5-f4995cf5d2e6}</UniqueIdentifier>
    </Filter>
    <Filter Include="Coordinator\Serial">
      <UniqueIdentifier>{24bee58c-eb2d-4480-8ac8-0886749428b0}</UniqueIdentifier>
    </Filter>
    <Filter Include="Coordinator\Processing\Data">
      <UniqueIdentifier>{4a087561-1a76-437d-9cd2-8cad15f89c95}</UniqueIdentifier>
    </Filter>
    <Filter Include="Coordinator\Processing\Data\DataHandlers">
      <UniqueIdentifier>{300fd152-ba19-4944-a50d-0d980aed017f}</UniqueIdentifier>
    </Filter>
    <Filter Include="Coordinator\Processing\Events\EventHandlers">
      <UniqueIdentifier>{61c60540-f1f2-4611-8e5a-fde3e2afa48e}</UniqueIdentifier>
    </Filter>
    <Filter Include="Ngc_Rs274">
      <UniqueIdentifier>{4f78c888-d9cc-4d31-829f-49da5ea8e419}</UniqueIdentifier>
    </Filter>
    <Filter Include="Ngc_Rs274\MachineSpecific">
      <UniqueIdentifier>{bdc1fc72-3687-4995-b0db-3c6f9607cf96}</UniqueIdentifier>
    </Filter>
    <Filter Include="Ngc_Rs274\MachineSpecific\Lathe">
      <UniqueIdentifier>{b2b32db5-d28e-4095-aa97-81ecb00f0228}</UniqueIdentifier>
    </Filter>
    <Filter Include="Ngc_Rs274\MachineSpecific\Mill">
      <UniqueIdentifier>{d003fd04-39ed-4126-8152-be37c9312c60}</UniqueIdentifier>
    </Filter>
    <Filter Include="Motion">
      <UniqueIdentifier>{ef714a6e-cbba-466e-97d5-1a5a039f896e}</UniqueIdentifier>
    </Filter>
    <Filter Include="Motion\Processing">
      <UniqueIdentifier>{8ef15568-a3cc-465b-a357-8d8a292d8a36}</UniqueIdentifier>
    </Filter>
    <Filter Include="Motion\Processing\GCode">
      <UniqueIdentifier>{8cdf4da6-238b-4793-a420-f027b74bc8d8}</UniqueIdentifier>
    </Filter>
    <Filter Include="Shared Data">
      <UniqueIdentifier>{c1ba3884-8fc3-46cf-aa6a-d4572b181ae5}</UniqueIdentifier>
    </Filter>
    <Filter Include="Ngc_Rs274\Dialect">
      <UniqueIdentifier>{9eccca2d-1da0-4dc1-b64e-96f4e0acc195}</UniqueIdentifier>
    </Filter>
    <Filter Include="Configuration">
      <UniqueIdentifier>{e1574bd0-3650-4e23-8650-59b11823a09f}</UniqueIdentifier>
    </Filter>
    <Filter Include="Shared Data\Settings">
      <UniqueIdentifier>{0b55549e-60fb-4ae4-9a3c-a5e45e33ba04}</UniqueIdentifier>
    </Filter>
    <Filter Include="Shared Data\Settings\Coordinator">
      <UniqueIdentifier>{04a6e8a7-8ed7-4783-b20e-3202dbe3dbeb}</UniqueIdentifier>
    </Filter>
    <Filter Include="Coordinator\Record Defines">
      <UniqueIdentifier>{453b7057-d8ac-495c-96d1-3b4f4984eb55}</UniqueIdentifier>
    </Filter>
    <Filter Include="Shared Data\Settings\Motion">
      <UniqueIdentifier>{11c0d96a-57bb-48a0-824c-7c4477f43c36}</UniqueIdentifier>
    </Filter>
    <Filter Include="Shared Data\Kernel">
      <UniqueIdentifier>{fad518d8-1d16-4b54-a3b9-c4a5d28af323}</UniqueIdentifier>
    </Filter>
    <Filter Include="Shared Data\Kernel\Base">
      <UniqueIdentifier>{294f4e61-08f1-4624-b81a-c79c12a870e7}</UniqueIdentifier>
    </Filter>
    <Filter Include="Shared Data\Kernel\Comm">
      <UniqueIdentifier>{8c259c4d-f6b3-4df2-981d-97d100af742e}</UniqueIdentifier>
    </Filter>
    <Filter Include="Shared Data\Kernel\CPU">
      <UniqueIdentifier>{d7614b97-e662-4f57-8b47-7adb4d2248eb}</UniqueIdentifier>
    </Filter>
    <Filter Include="Shared Data\Kernel\Error">
      <UniqueIdentifier>{cb6d22e9-94ea-477f-a414-84a3e6a3c8d5}</UniqueIdentifier>
    </Filter>
    <Filter Include="Shared Data\Kernel\Event">
      <UniqueIdentifier>{b2c25dd6-0ee2-43ee-9beb-8f7074bbcd3b}</UniqueIdentifier>
    </Filter>
    <Filter Include="Shared Data\Kernel\Report">
      <UniqueIdentifier>{b9d7e42f-96c7-4862-b077-be4c414c9923}</UniqueIdentifier>
    </Filter>
    <Filter Include="Shared Data\Kernel\Start">
      <UniqueIdentifier>{1aef5480-ef51-494d-9b64-7d79f948b0b0}</UniqueIdentifier>
    </Filter>
    <Filter Include="Configuration\Motion">
      <UniqueIdentifier>{8bdf9097-0fe0-4e92-acb4-e9853c28bd8f}</UniqueIdentifier>
    </Filter>
    <Filter Include="Configuration\Interpreter">
      <UniqueIdentifier>{0cdc7dff-0cb4-4773-a4a4-eec46cae5587}</UniqueIdentifier>
    </Filter>
  </ItemGroup>
  <ItemGroup>
    <ClInclude Include="..\..\..\..\communication_def.h" />
    <ClInclude Include="..\..\..\..\physical_machine_parameters.h" />
    <ClInclude Include="..\..\..\..\Coordinator\coordinator_hardware_def.h">
      <Filter>Coordinator</Filter>
    </ClInclude>
    <ClInclude Include="..\..\..\..\Coordinator\Processing\Main\Main_Process.h">
      <Filter>Coordinator\Processing\Main</Filter>
    </ClInclude>
    <ClInclude Include="Platform Specific\c_core_win.h">
      <Filter>Platform Specific</Filter>
    </ClInclude>
    <ClInclude Include="Platform Specific\c_serial_win.h">
      <Filter>Platform Specific</Filter>
    </ClInclude>
    <ClInclude Include="Platform Specific\c_spi_win.h">
      <Filter>Platform Specific</Filter>
    </ClInclude>
    <ClInclude Include="..\..\..\..\c_ring_template.h" />
    <ClInclude Include="..\..\..\..\Coordinator\Serial\c_Serial.h">
      <Filter>Coordinator\Serial</Filter>
    </ClInclude>
    <ClInclude Include="..\..\..\..\Coordinator\Processing\Data\DataHandlers\c_binary_data_handler.h">
      <Filter>Coordinator\Processing\Data\DataHandlers</Filter>
    </ClInclude>
    <ClInclude Include="..\..\..\..\Coordinator\Processing\Events\EventHandlers\c_network_data_events.h">
      <Filter>Coordinator\Processing\Events\EventHandlers</Filter>
    </ClInclude>
    <ClInclude Include="..\..\..\..\Coordinator\Processing\Events\EventHandlers\c_spi_data_events.h">
      <Filter>Coordinator\Processing\Events\EventHandlers</Filter>
    </ClInclude>
    <ClInclude Include="..\..\..\..\NGC_RS274\Machine Specific\Lathe\NGC_G_Codes.h">
      <Filter>Ngc_Rs274\MachineSpecific\Lathe</Filter>
    </ClInclude>
    <ClInclude Include="..\..\..\..\NGC_RS274\Machine Specific\Lathe\NGC_Lathe.h">
      <Filter>Ngc_Rs274\MachineSpecific\Lathe</Filter>
    </ClInclude>
    <ClInclude Include="..\..\..\..\NGC_RS274\Machine Specific\Lathe\NGC_M_Codes.h">
      <Filter>Ngc_Rs274\MachineSpecific\Lathe</Filter>
    </ClInclude>
    <ClInclude Include="..\..\..\..\NGC_RS274\Machine Specific\Mill\NGC_G_Codes.h">
      <Filter>Ngc_Rs274\MachineSpecific\Mill</Filter>
    </ClInclude>
    <ClInclude Include="..\..\..\..\NGC_RS274\Machine Specific\Mill\NGC_M_Codes.h">
      <Filter>Ngc_Rs274\MachineSpecific\Mill</Filter>
    </ClInclude>
    <ClInclude Include="..\..\..\..\NGC_RS274\Machine Specific\Mill\NGC_Mill.h">
      <Filter>Ngc_Rs274\MachineSpecific\Mill</Filter>
    </ClInclude>
    <ClInclude Include="..\..\..\..\Coordinator\Processing\Events\EventHandlers\c_ancillary_event_handler.h">
      <Filter>Coordinator\Processing\Events\EventHandlers</Filter>
    </ClInclude>
    <ClInclude Include="Platform Specific\c_disk_win.h">
      <Filter>Platform Specific</Filter>
    </ClInclude>
    <ClInclude Include="..\..\..\..\NGC_RS274\_ngc_block_event_enums.h">
      <Filter>Ngc_Rs274</Filter>
    </ClInclude>
    <ClInclude Include="..\..\..\..\NGC_RS274\_ngc_block_struct.h">
      <Filter>Ngc_Rs274</Filter>
    </ClInclude>
    <ClInclude Include="..\..\..\..\NGC_RS274\_ngc_compensation_enums.h">
      <Filter>Ngc_Rs274</Filter>
    </ClInclude>
    <ClInclude Include="..\..\..\..\NGC_RS274\_ngc_defines.h">
      <Filter>Ngc_Rs274</Filter>
    </ClInclude>
    <ClInclude Include="..\..\..\..\NGC_RS274\_ngc_errors_interpreter.h">
      <Filter>Ngc_Rs274</Filter>
    </ClInclude>
    <ClInclude Include="..\..\..\..\NGC_RS274\_ngc_g_groups.h">
      <Filter>Ngc_Rs274</Filter>
    </ClInclude>
    <ClInclude Include="..\..\..\..\NGC_RS274\_ngc_m_groups.h">
      <Filter>Ngc_Rs274</Filter>
    </ClInclude>
    <ClInclude Include="..\..\..\..\NGC_RS274\NGC_Block_Assignor.h">
      <Filter>Ngc_Rs274</Filter>
    </ClInclude>
    <ClInclude Include="..\..\..\..\NGC_RS274\NGC_Block_View.h">
      <Filter>Ngc_Rs274</Filter>
    </ClInclude>
    <ClInclude Include="..\..\..\..\NGC_RS274\NGC_Comp.h">
      <Filter>Ngc_Rs274</Filter>
    </ClInclude>
    <ClInclude Include="..\..\..\..\NGC_RS274\NGC_Error_Check.h">
      <Filter>Ngc_Rs274</Filter>
    </ClInclude>
    <ClInclude Include="..\..\..\..\NGC_RS274\NGC_Errors.h">
      <Filter>Ngc_Rs274</Filter>
    </ClInclude>
    <ClInclude Include="..\..\..\..\NGC_RS274\NGC_Line_Processor.h">
      <Filter>Ngc_Rs274</Filter>
    </ClInclude>
    <ClInclude Include="..\..\..\..\NGC_RS274\NGC_Parameters.h">
      <Filter>Ngc_Rs274</Filter>
    </ClInclude>
    <ClInclude Include="..\..\..\..\_bit_flag_control.h" />
    <ClInclude Include="..\..\..\..\_bit_manipulation.h" />
    <ClInclude Include="..\..\..\..\NGC_RS274\_ngc_point_definition.h">
      <Filter>Ngc_Rs274</Filter>
    </ClInclude>
    <ClInclude Include="..\..\..\..\NGC_RS274\_ngc_math_constants.h">
      <Filter>Ngc_Rs274</Filter>
    </ClInclude>
    <ClInclude Include="..\..\..\..\NGC_RS274\_ngc_arc_struct.h">
      <Filter>Ngc_Rs274</Filter>
    </ClInclude>
    <ClInclude Include="..\..\..\..\NGC_RS274\_ngc_axis_struct.h">
      <Filter>Ngc_Rs274</Filter>
    </ClInclude>
    <ClInclude Include="..\..\..\..\NGC_RS274\_ngc_plane_struct.h">
      <Filter>Ngc_Rs274</Filter>
    </ClInclude>
    <ClInclude Include="..\..\..\..\NGC_RS274\NGC_Set_Targets.h">
      <Filter>Ngc_Rs274</Filter>
    </ClInclude>
    <ClInclude Include="..\..\..\..\NGC_RS274\NGC_Tool.h">
      <Filter>Ngc_Rs274</Filter>
    </ClInclude>
    <ClInclude Include="..\..\..\..\NGC_RS274\_ngc_tool_struct.h">
      <Filter>Ngc_Rs274</Filter>
    </ClInclude>
    <ClInclude Include="..\..\..\..\NGC_RS274\Dialect\_ngc_validate_1_motion.h">
      <Filter>Ngc_Rs274\Dialect</Filter>
    </ClInclude>
    <ClInclude Include="..\..\..\..\NGC_RS274\Dialect\_ngc_dialect_validate.h">
      <Filter>Ngc_Rs274\Dialect</Filter>
    </ClInclude>
    <ClInclude Include="..\..\..\..\NGC_RS274\Dialect\_ngc_validate_16_plane_rotation.h">
      <Filter>Ngc_Rs274\Dialect</Filter>
    </ClInclude>
    <ClInclude Include="..\..\..\..\NGC_RS274\Dialect\_ngc_validate_0_nonmodal.h">
      <Filter>Ngc_Rs274\Dialect</Filter>
    </ClInclude>
    <ClInclude Include="..\..\..\..\NGC_RS274\_ngc_dialect_enum.h">
      <Filter>Ngc_Rs274</Filter>
    </ClInclude>
    <ClInclude Include="..\..\..\..\NGC_RS274\Dialect\_ngc_validate_5_feed_rate_mode.h">
      <Filter>Ngc_Rs274\Dialect</Filter>
    </ClInclude>
    <ClInclude Include="..\..\..\..\Configuration\c_configuration.h">
      <Filter>Configuration</Filter>
    </ClInclude>
    <ClInclude Include="..\..\..\..\NGC_RS274\Dialect\_ngc_validate_2_plane_selection.h">
      <Filter>Ngc_Rs274\Dialect</Filter>
    </ClInclude>
    <ClInclude Include="..\..\..\..\NGC_RS274\_ngc_offset_struct.h">
      <Filter>Ngc_Rs274</Filter>
    </ClInclude>
    <ClInclude Include="..\..\..\..\NGC_RS274\NGC_Coordinates.h">
      <Filter>Ngc_Rs274</Filter>
    </ClInclude>
    <ClInclude Include="..\..\..\..\NGC_RS274\_ngc_coordinate_struct.h">
      <Filter>Ngc_Rs274</Filter>
    </ClInclude>
    <ClInclude Include="..\..\..\..\NGC_RS274\xx_ngc_offset_type_enums.h">
      <Filter>Ngc_Rs274</Filter>
    </ClInclude>
    <ClInclude Include="..\..\..\..\NGC_RS274\Dialect\_ngc_validate_7_cutter_radius_compensation.h">
      <Filter>Ngc_Rs274\Dialect</Filter>
    </ClInclude>
    <ClInclude Include="..\..\..\..\NGC_RS274\NGC_System.h">
      <Filter>Ngc_Rs274</Filter>
    </ClInclude>
    <ClInclude Include="..\..\..\..\NGC_RS274\Dialect\_ngc_validate_3_distance_mode.h">
      <Filter>Ngc_Rs274\Dialect</Filter>
    </ClInclude>
    <ClInclude Include="..\..\..\..\Shared Data\Settings\Coordinator\_s_interp_config_struct.h">
      <Filter>Shared Data\Settings\Coordinator</Filter>
    </ClInclude>
    <ClInclude Include="..\..\..\..\Shared Data\_e_binary_comm_response.h">
      <Filter>Shared Data</Filter>
    </ClInclude>
    <ClInclude Include="..\..\..\..\Shared Data\_e_block_state.h">
      <Filter>Shared Data</Filter>
    </ClInclude>
    <ClInclude Include="..\..\..\..\Shared Data\_e_feed_modes.h">
      <Filter>Shared Data</Filter>
    </ClInclude>
    <ClInclude Include="..\..\..\..\Shared Data\_e_feed_types.h">
      <Filter>Shared Data</Filter>
    </ClInclude>
    <ClInclude Include="..\..\..\..\Shared Data\_e_ramp_type.h">
      <Filter>Shared Data</Filter>
    </ClInclude>
    <ClInclude Include="..\..\..\..\Shared Data\_e_record_types.h">
      <Filter>Shared Data</Filter>
    </ClInclude>
    <ClInclude Include="..\..\..\..\Shared Data\_e_unit_types.h">
      <Filter>Shared Data</Filter>
    </ClInclude>
    <ClInclude Include="..\..\..\..\Shared Data\_peripheral_overide_enums.h">
      <Filter>Shared Data</Filter>
    </ClInclude>
    <ClInclude Include="..\..\..\..\Shared Data\_s_encoder_struct.h">
      <Filter>Shared Data</Filter>
    </ClInclude>
    <ClInclude Include="..\..\..\..\Shared Data\_s_jog_data_struct.h">
      <Filter>Shared Data</Filter>
    </ClInclude>
    <ClInclude Include="..\..\..\..\Shared Data\_s_motion_data_block.h">
      <Filter>Shared Data</Filter>
    </ClInclude>
    <ClInclude Include="..\..\..\..\Shared Data\_s_peripheral_panel_struct.h">
      <Filter>Shared Data</Filter>
    </ClInclude>
    <ClInclude Include="..\..\..\..\Shared Data\_s_status_record.h">
      <Filter>Shared Data</Filter>
    </ClInclude>
    <ClInclude Include="..\..\..\..\Shared Data\_s_ngc_line_record.h">
      <Filter>Shared Data</Filter>
    </ClInclude>
    <ClInclude Include="..\..\..\..\Coordinator\Processing\Data\DataHandlers\c_ngc_data_handler.h">
      <Filter>Coordinator\Processing\Data\DataHandlers</Filter>
    </ClInclude>
    <ClInclude Include="..\..\..\..\Coordinator\Processing\Events\EventHandlers\c_ngc_data_events.h">
      <Filter>Coordinator\Processing\Events\EventHandlers</Filter>
    </ClInclude>
    <ClInclude Include="..\..\..\..\Coordinator\Record Defines\xe_all_event_data_types.h">
      <Filter>Coordinator\Record Defines</Filter>
    </ClInclude>
    <ClInclude Include="..\..\..\..\Coordinator\Processing\Events\EventHandlers\c_system_event_handler.h">
      <Filter>Coordinator\Processing\Events\EventHandlers</Filter>
    </ClInclude>
    <ClInclude Include="..\..\..\..\Coordinator\Processing\Data\DataHandlers\c_system_data_handler.h">
      <Filter>Coordinator\Processing\Data\DataHandlers</Filter>
    </ClInclude>
    <ClInclude Include="..\..\..\..\Shared Data\Settings\Motion\_s_motion_control_settings_encapsulation.h">
      <Filter>Shared Data\Settings\Motion</Filter>
    </ClInclude>
    <ClInclude Include="..\..\..\..\Shared Data\Settings\Motion\_s_motion_hardware.h">
      <Filter>Shared Data\Settings\Motion</Filter>
    </ClInclude>
    <ClInclude Include="..\..\..\..\Shared Data\Settings\Motion\_s_motion_tolerance_struct.h">
      <Filter>Shared Data\Settings\Motion</Filter>
    </ClInclude>
    <ClInclude Include="..\..\..\..\Shared_Data\Kernel\_e_record_types.h">
      <Filter>Shared Data\Kernel</Filter>
    </ClInclude>
    <ClInclude Include="..\..\..\..\Shared_Data\Kernel\_e_system_messages.h">
      <Filter>Shared Data\Kernel</Filter>
    </ClInclude>
    <ClInclude Include="..\..\..\..\Shared_Data\Kernel\_s_system_record.h">
      <Filter>Shared Data\Kernel</Filter>
    </ClInclude>
    <ClInclude Include="..\..\..\..\Shared_Data\Kernel\c_kernel_utils.h">
      <Filter>Shared Data\Kernel</Filter>
    </ClInclude>
    <ClInclude Include="..\..\..\..\Shared_Data\Kernel\kernel_configuration.h">
      <Filter>Shared Data\Kernel</Filter>
    </ClInclude>
    <ClInclude Include="..\..\..\..\Shared_Data\Kernel\Base\c_kernel_base.h">
      <Filter>Shared Data\Kernel\Base</Filter>
    </ClInclude>
    <ClInclude Include="..\..\..\..\Shared_Data\Kernel\Comm\c_kernel_comm.h">
      <Filter>Shared Data\Kernel\Comm</Filter>
    </ClInclude>
    <ClInclude Include="..\..\..\..\Shared_Data\Kernel\CPU\c_cpu.h">
      <Filter>Shared Data\Kernel\CPU</Filter>
    </ClInclude>
    <ClInclude Include="..\..\..\..\Shared_Data\Kernel\CPU\c_kernel_cpu.h">
      <Filter>Shared Data\Kernel\CPU</Filter>
    </ClInclude>
    <ClInclude Include="..\..\..\..\Shared_Data\Kernel\CPU\u_data_overlay.h">
      <Filter>Shared Data\Kernel\CPU</Filter>
    </ClInclude>
    <ClInclude Include="..\..\..\..\Shared_Data\Kernel\Error\_d_err_macros.h">
      <Filter>Shared Data\Kernel\Error</Filter>
    </ClInclude>
    <ClInclude Include="..\..\..\..\Shared_Data\Kernel\Error\_s_kernel_error.h">
      <Filter>Shared Data\Kernel\Error</Filter>
    </ClInclude>
    <ClInclude Include="..\..\..\..\Shared_Data\Kernel\Error\c_kernel_error.h">
      <Filter>Shared Data\Kernel\Error</Filter>
    </ClInclude>
    <ClInclude Include="..\..\..\..\Shared_Data\Kernel\Error\kernel_error_codes_base.h">
      <Filter>Shared Data\Kernel\Error</Filter>
    </ClInclude>
    <ClInclude Include="..\..\..\..\Shared_Data\Kernel\Error\kernel_error_codes_cpu.h">
      <Filter>Shared Data\Kernel\Error</Filter>
    </ClInclude>
    <ClInclude Include="..\..\..\..\Shared_Data\Kernel\Error\kernel_error_codes_cpu_cluster.h">
      <Filter>Shared Data\Kernel\Error</Filter>
    </ClInclude>
    <ClInclude Include="..\..\..\..\Shared_Data\Kernel\Error\kernel_error_codes_reader.h">
      <Filter>Shared Data\Kernel\Error</Filter>
    </ClInclude>
    <ClInclude Include="..\..\..\..\Shared_Data\Kernel\Error\kernel_error_codes_writer.h">
      <Filter>Shared Data\Kernel\Error</Filter>
    </ClInclude>
    <ClInclude Include="..\..\..\..\Shared_Data\Kernel\Event\c_kernel_software_event.h">
      <Filter>Shared Data\Kernel\Event</Filter>
    </ClInclude>
    <ClInclude Include="..\..\..\..\Shared_Data\Kernel\Report\c_kernel_report.h">
      <Filter>Shared Data\Kernel\Report</Filter>
    </ClInclude>
    <ClInclude Include="..\..\..\..\Shared_Data\Kernel\Start\c_kernel_start.h">
      <Filter>Shared Data\Kernel\Start</Filter>
    </ClInclude>
    <ClInclude Include="..\..\..\..\talos_hardware_def.h" />
    <ClInclude Include="..\..\..\..\Configuration\Motion\c_motion_system.h">
      <Filter>Configuration\Motion</Filter>
    </ClInclude>
    <ClInclude Include="..\..\..\..\Configuration\Motion\c_motion_controller.h">
      <Filter>Configuration\Motion</Filter>
    </ClInclude>
    <ClInclude Include="..\..\..\..\Configuration\Interpreter\c_interpreter_input.h">
      <Filter>Configuration\Interpreter</Filter>
    </ClInclude>
    <ClInclude Include="..\..\..\..\Configuration\Interpreter\c_start_block_gmcode.h">
      <Filter>Configuration\Interpreter</Filter>
    </ClInclude>
  </ItemGroup>
  <ItemGroup>
    <ClCompile Include="..\..\..\..\Coordinator\coordinator_main.cpp">
      <Filter>Coordinator</Filter>
    </ClCompile>
    <ClCompile Include="..\..\..\..\Coordinator\Processing\Main\Main_Process.cpp">
      <Filter>Coordinator\Processing\Main</Filter>
    </ClCompile>
    <ClCompile Include="Platform Specific\c_core_win.cpp">
      <Filter>Platform Specific</Filter>
    </ClCompile>
    <ClCompile Include="Platform Specific\c_serial_win.cpp">
      <Filter>Platform Specific</Filter>
    </ClCompile>
    <ClCompile Include="Platform Specific\c_spi_win.cpp">
      <Filter>Platform Specific</Filter>
    </ClCompile>
    <ClCompile Include="..\..\..\..\Coordinator\Serial\c_Serial.cpp">
      <Filter>Coordinator\Serial</Filter>
    </ClCompile>
    <ClCompile Include="..\..\..\..\Coordinator\Processing\Data\DataHandlers\c_binary_data_handler.cpp">
      <Filter>Coordinator\Processing\Data\DataHandlers</Filter>
    </ClCompile>
    <ClCompile Include="..\..\..\..\Coordinator\Processing\Events\EventHandlers\c_network_data_events.cpp">
      <Filter>Coordinator\Processing\Events\EventHandlers</Filter>
    </ClCompile>
    <ClCompile Include="..\..\..\..\Coordinator\Processing\Events\EventHandlers\c_spi_data_events.cpp">
      <Filter>Coordinator\Processing\Events\EventHandlers</Filter>
    </ClCompile>
    <ClCompile Include="..\..\..\..\NGC_RS274\Machine Specific\Lathe\NGC_Lathe.cpp">
      <Filter>Ngc_Rs274\MachineSpecific\Lathe</Filter>
    </ClCompile>
    <ClCompile Include="..\..\..\..\NGC_RS274\Machine Specific\Mill\NGC_Mill.cpp">
      <Filter>Ngc_Rs274\MachineSpecific\Mill</Filter>
    </ClCompile>
    <ClCompile Include="..\..\..\..\Coordinator\Processing\Events\EventHandlers\c_ancillary_event_handler.cpp">
      <Filter>Coordinator\Processing\Events\EventHandlers</Filter>
    </ClCompile>
    <ClCompile Include="Platform Specific\c_disk_win.cpp">
      <Filter>Platform Specific</Filter>
    </ClCompile>
    <ClCompile Include="..\..\..\..\NGC_RS274\NGC_Block_Assignor.cpp">
      <Filter>Ngc_Rs274</Filter>
    </ClCompile>
    <ClCompile Include="..\..\..\..\NGC_RS274\NGC_Block_View.cpp">
      <Filter>Ngc_Rs274</Filter>
    </ClCompile>
    <ClCompile Include="..\..\..\..\NGC_RS274\NGC_Comp.cpp">
      <Filter>Ngc_Rs274</Filter>
    </ClCompile>
    <ClCompile Include="..\..\..\..\NGC_RS274\NGC_Error_Check.cpp">
      <Filter>Ngc_Rs274</Filter>
    </ClCompile>
    <ClCompile Include="..\..\..\..\NGC_RS274\NGC_Line_Processor.cpp">
      <Filter>Ngc_Rs274</Filter>
    </ClCompile>
    <ClCompile Include="..\..\..\..\NGC_RS274\NGC_Parameters.cpp">
      <Filter>Ngc_Rs274</Filter>
    </ClCompile>
    <ClCompile Include="..\..\..\..\NGC_RS274\NGC_Set_Targets.cpp">
      <Filter>Ngc_Rs274</Filter>
    </ClCompile>
    <ClCompile Include="..\..\..\..\NGC_RS274\NGC_Tool.cpp">
      <Filter>Ngc_Rs274</Filter>
    </ClCompile>
    <ClCompile Include="..\..\..\..\NGC_RS274\Dialect\_ngc_validate_16_plane_rotation.cpp">
      <Filter>Ngc_Rs274\Dialect</Filter>
    </ClCompile>
    <ClCompile Include="..\..\..\..\NGC_RS274\Dialect\_ngc_dialect_validate.cpp">
      <Filter>Ngc_Rs274\Dialect</Filter>
    </ClCompile>
    <ClCompile Include="..\..\..\..\NGC_RS274\Dialect\_ngc_validate_1_motion.cpp">
      <Filter>Ngc_Rs274\Dialect</Filter>
    </ClCompile>
    <ClCompile Include="..\..\..\..\NGC_RS274\Dialect\_ngc_validate_5_feed_rate_mode.cpp">
      <Filter>Ngc_Rs274\Dialect</Filter>
    </ClCompile>
    <ClCompile Include="..\..\..\..\NGC_RS274\Dialect\_ngc_validate_0_nonmodal.cpp">
      <Filter>Ngc_Rs274\Dialect</Filter>
    </ClCompile>
    <ClCompile Include="..\..\..\..\Configuration\c_configuration.cpp">
      <Filter>Configuration</Filter>
    </ClCompile>
    <ClCompile Include="..\..\..\..\NGC_RS274\Dialect\_ngc_validate_2_plane_selection.cpp">
      <Filter>Ngc_Rs274\Dialect</Filter>
    </ClCompile>
    <ClCompile Include="..\..\..\..\NGC_RS274\NGC_Coordinates.cpp">
      <Filter>Ngc_Rs274</Filter>
    </ClCompile>
    <ClCompile Include="..\..\..\..\NGC_RS274\Dialect\_ngc_validate_7_cutter_radius_compensation.cpp">
      <Filter>Ngc_Rs274\Dialect</Filter>
    </ClCompile>
    <ClCompile Include="..\..\..\..\NGC_RS274\NGC_System.cpp">
      <Filter>Ngc_Rs274</Filter>
    </ClCompile>
    <ClCompile Include="..\..\..\..\NGC_RS274\Dialect\_ngc_validate_3_distance_mode.cpp">
      <Filter>Ngc_Rs274\Dialect</Filter>
    </ClCompile>
    <ClCompile Include="..\..\..\..\Coordinator\Processing\Data\DataHandlers\c_ngc_data_handler.cpp">
      <Filter>Coordinator\Processing\Data\DataHandlers</Filter>
    </ClCompile>
    <ClCompile Include="..\..\..\..\Coordinator\Processing\Events\EventHandlers\c_ngc_data_events.cpp">
      <Filter>Coordinator\Processing\Events\EventHandlers</Filter>
    </ClCompile>
    <ClCompile Include="..\..\..\..\Coordinator\Processing\Events\EventHandlers\c_system_event_handler.cpp">
      <Filter>Coordinator\Processing\Events\EventHandlers</Filter>
    </ClCompile>
    <ClCompile Include="..\..\..\..\Coordinator\Processing\Data\DataHandlers\c_system_data_handler.cpp">
      <Filter>Coordinator\Processing\Data\DataHandlers</Filter>
    </ClCompile>
    <ClCompile Include="..\..\..\..\Shared_Data\Kernel\Base\c_kernel_base.cpp">
      <Filter>Shared Data\Kernel\Base</Filter>
    </ClCompile>
    <ClCompile Include="..\..\..\..\Shared_Data\Kernel\Comm\c_kernel_comm.cpp">
      <Filter>Shared Data\Kernel\Comm</Filter>
    </ClCompile>
    <ClCompile Include="..\..\..\..\Shared_Data\Kernel\CPU\c_cpu.cpp">
      <Filter>Shared Data\Kernel\CPU</Filter>
    </ClCompile>
    <ClCompile Include="..\..\..\..\Shared_Data\Kernel\CPU\c_kernel_cpu.cpp">
      <Filter>Shared Data\Kernel\CPU</Filter>
    </ClCompile>
    <ClCompile Include="..\..\..\..\Shared_Data\Kernel\Error\c_kernel_error.cpp">
      <Filter>Shared Data\Kernel\Error</Filter>
    </ClCompile>
    <ClCompile Include="..\..\..\..\Shared_Data\Kernel\Event\c_kernel_software_event.cpp">
      <Filter>Shared Data\Kernel\Event</Filter>
    </ClCompile>
    <ClCompile Include="..\..\..\..\Shared_Data\Kernel\Report\c_kernel_report.cpp">
      <Filter>Shared Data\Kernel\Report</Filter>
    </ClCompile>
    <ClCompile Include="..\..\..\..\Shared_Data\Kernel\Start\c_kernel_start.cpp">
      <Filter>Shared Data\Kernel\Start</Filter>
    </ClCompile>
    <ClCompile Include="..\..\..\..\Configuration\Motion\c_motion_system.cpp">
      <Filter>Configuration\Motion</Filter>
    </ClCompile>
    <ClCompile Include="..\..\..\..\Configuration\Motion\c_motion_controller.cpp">
      <Filter>Configuration\Motion</Filter>
    </ClCompile>
    <ClCompile Include="..\..\..\..\Configuration\Interpreter\c_interpreter_input.cpp">
      <Filter>Configuration\Interpreter</Filter>
    </ClCompile>
    <ClCompile Include="..\..\..\..\Configuration\Interpreter\c_start_block_gmcode.cpp">
      <Filter>Configuration\Interpreter</Filter>
    </ClCompile>
  </ItemGroup>
  <ItemGroup>
    <Text Include="Process.txt" />
    <Text Include="config.txt" />
  </ItemGroup>
</Project>