<?xml version="1.0" encoding="utf-8"?>
<Project ToolsVersion="4.0" xmlns="http://schemas.microsoft.com/developer/msbuild/2003">
  <ItemGroup>
    <Filter Include="Resource Files">
      <UniqueIdentifier>{67DA6AB6-F800-4c08-8B7A-83BB121AAD01}</UniqueIdentifier>
      <Extensions>rc;ico;cur;bmp;dlg;rc2;rct;bin;rgs;gif;jpg;jpeg;jpe;resx;tiff;tif;png;wav;mfcribbon-ms</Extensions>
    </Filter>
    <Filter Include="MotionDriver">
      <UniqueIdentifier>{228538cc-e129-4daf-ba78-0444cb1791f5}</UniqueIdentifier>
    </Filter>
    <Filter Include="MotionDriver\Common">
      <UniqueIdentifier>{dcdadc60-9282-44ad-b268-8145d070a1bf}</UniqueIdentifier>
    </Filter>
    <Filter Include="MotionDriver\Common\HardwareAbstractionLayer">
      <UniqueIdentifier>{84eb99cd-0949-4603-9777-0445a8b31843}</UniqueIdentifier>
    </Filter>
    <Filter Include="MotionDriver\Common\HardwareAbstractionLayer\WIN_32">
      <UniqueIdentifier>{9b1ddad0-c970-4da0-b7e5-63e9ad25d715}</UniqueIdentifier>
    </Filter>
    <Filter Include="MotionDriver\Common\Serial">
      <UniqueIdentifier>{9584238c-a606-49d8-90bf-1542b8cd14f2}</UniqueIdentifier>
    </Filter>
  </ItemGroup>
  <ItemGroup>
    <ClCompile Include="..\..\..\Common\Hardware_Abstraction_Layer\Virtual\c_core_win.cpp">
      <Filter>MotionDriver\Common\HardwareAbstractionLayer\WIN_32</Filter>
    </ClCompile>
    <ClCompile Include="..\..\..\Common\Serial\c_Serial.cpp">
      <Filter>MotionDriver\Common\Serial</Filter>
    </ClCompile>
    <ClCompile Include="..\..\..\Common\Hardware_Abstraction_Layer\Virtual\c_serial_win.cpp">
      <Filter>MotionDriver\Common\Serial</Filter>
    </ClCompile>
    <ClCompile Include="..\..\c_block.cpp" />
    <ClCompile Include="..\..\c_block_buffer.cpp" />
    <ClCompile Include="..\..\c_interpollation_hardware.cpp" />
    <ClCompile Include="..\..\c_interpollation_software.cpp" />
    <ClCompile Include="..\..\c_motion_core.cpp" />
    <ClCompile Include="..\..\c_planner_compute_block.cpp" />
    <ClCompile Include="..\..\c_segment_arbitrator.cpp" />
    <ClCompile Include="..\..\c_segment_timer_bresenham.cpp" />
    <ClCompile Include="..\..\c_segment_timer_item.cpp" />
    <ClCompile Include="..\..\main.cpp" />
    <ClCompile Include="..\..\c_processor.cpp" />
    <ClCompile Include="..\..\..\Common\Hardware_Abstraction_Layer\Virtual\c_motion_core_win_stepper.cpp">
      <Filter>MotionDriver\Common\HardwareAbstractionLayer\WIN_32</Filter>
    </ClCompile>
  </ItemGroup>
  <ItemGroup>
    <ClInclude Include="..\..\..\Common\Hardware_Abstraction_Layer\Virtual\c_core_win.h">
      <Filter>MotionDriver\Common\HardwareAbstractionLayer\WIN_32</Filter>
    </ClInclude>
    <ClInclude Include="..\..\..\Common\Serial\c_Serial.h">
      <Filter>MotionDriver\Common\Serial</Filter>
    </ClInclude>
    <ClInclude Include="..\..\..\Common\Serial\s_buffer.h">
      <Filter>MotionDriver\Common\Serial</Filter>
    </ClInclude>
    <ClInclude Include="..\..\..\Common\Hardware_Abstraction_Layer\Virtual\c_serial_win.h">
      <Filter>MotionDriver\Common\Serial</Filter>
    </ClInclude>
    <ClInclude Include="..\..\c_block.h" />
    <ClInclude Include="..\..\c_block_buffer.h" />
    <ClInclude Include="..\..\c_interpollation_hardware.h" />
    <ClInclude Include="..\..\c_interpollation_software.h" />
    <ClInclude Include="..\..\c_motion_core.h" />
    <ClInclude Include="..\..\c_planner_compute_block.h" />
    <ClInclude Include="..\..\c_segment_arbitrator.h" />
    <ClInclude Include="..\..\c_segment_timer_bresenham.h" />
    <ClInclude Include="..\..\c_segment_timer_item.h" />
    <ClInclude Include="..\..\hardware_def.h" />
    <ClInclude Include="..\..\c_processor.h" />
    <ClInclude Include="..\..\..\Common\Hardware_Abstraction_Layer\Virtual\c_motion_core_win_stepper.h">
      <Filter>MotionDriver\Common\HardwareAbstractionLayer\WIN_32</Filter>
    </ClInclude>
    <ClInclude Include="..\..\..\Common\Serial\records_def.h" />
  </ItemGroup>
</Project>