
Microsoft Visual Studio Solution File, Format Version 12.00
# Visual Studio 2013
VisualStudioVersion = 12.0.21005.1
MinimumVisualStudioVersion = 10.0.40219.1
Project("{8BC9CEB8-8B4A-11D0-8D11-00A0C91BC942}") = "Talos_STM32F1_Coordinator", "Talos_STM32F1_Coordinator.vcxproj", "{9CCC21C2-A81F-415E-A338-DCD1165CF4AF}"
EndProject
Global
	GlobalSection(SolutionConfigurationPlatforms) = preSolution
		Debug|VisualGDB = Debug|VisualGDB
		Release|VisualGDB = Release|VisualGDB
	EndGlobalSection
	GlobalSection(ProjectConfigurationPlatforms) = postSolution
		{9CCC21C2-A81F-415E-A338-DCD1165CF4AF}.Debug|VisualGDB.ActiveCfg = Debug|VisualGDB
		{9CCC21C2-A81F-415E-A338-DCD1165CF4AF}.Debug|VisualGDB.Build.0 = Debug|VisualGDB
		{9CCC21C2-A81F-415E-A338-DCD1165CF4AF}.Release|VisualGDB.ActiveCfg = Release|VisualGDB
		{9CCC21C2-A81F-415E-A338-DCD1165CF4AF}.Release|VisualGDB.Build.0 = Release|VisualGDB
	EndGlobalSection
	GlobalSection(SolutionProperties) = preSolution
		HideSolutionNode = FALSE
	EndGlobalSection
EndGlobal
