<?xml version="1.0" encoding="utf-8"?>
<Project ToolsVersion="4.0" xmlns="http://schemas.microsoft.com/developer/msbuild/2003">
  <ItemGroup>
    <Filter Include="Common">
      <UniqueIdentifier>{6d745b62-6d6a-40d8-ad37-6af3843faeb3}</UniqueIdentifier>
    </Filter>
    <Filter Include="Shared">
      <UniqueIdentifier>{f07fb087-5757-4e9a-9f04-a4e828496f47}</UniqueIdentifier>
    </Filter>
    <Filter Include="Common\NGC_RS274">
      <UniqueIdentifier>{21043a96-de8b-441a-8e60-7da398573cba}</UniqueIdentifier>
    </Filter>
    <Filter Include="Common\Hardware Abstraction Layer">
      <UniqueIdentifier>{97411f88-fc70-405e-9ab7-2527f14b0af3}</UniqueIdentifier>
    </Filter>
    <Filter Include="Common\Hardware Abstraction Layer\WIN32">
      <UniqueIdentifier>{6fde1f12-248d-42a8-8d24-c7732695ab29}</UniqueIdentifier>
    </Filter>
    <Filter Include="Common\Serial">
      <UniqueIdentifier>{1d3018ad-f891-40fd-8bc3-561a8c59624e}</UniqueIdentifier>
    </Filter>
    <Filter Include="Motion_Core">
      <UniqueIdentifier>{58cf6b4b-7d37-499d-8c92-7f26cadffec3}</UniqueIdentifier>
    </Filter>
  </ItemGroup>
  <ItemGroup>
    <ClCompile Include="..\..\c_coolant.cpp" />
    <ClCompile Include="..\..\c_eeprom.cpp" />
    <ClCompile Include="..\..\c_jog.cpp" />
    <ClCompile Include="..\..\c_limits.cpp" />
    <ClCompile Include="..\..\c_motion_control.cpp" />
    <ClCompile Include="..\..\c_planner.cpp" />
    <ClCompile Include="..\..\c_print.cpp" />
    <ClCompile Include="..\..\c_probe.cpp" />
    <ClCompile Include="..\..\c_protocol.cpp" />
    <ClCompile Include="..\..\c_report.cpp" />
    <ClCompile Include="..\..\c_settings.cpp" />
    <ClCompile Include="..\..\c_spindle.cpp" />
    <ClCompile Include="..\..\c_stepper.cpp" />
    <ClCompile Include="..\..\c_system.cpp" />
    <ClCompile Include="..\..\main.cpp" />
    <ClCompile Include="..\..\utils.cpp" />
    <ClCompile Include="..\..\..\Common\NGC_RS274\NGC_Block.cpp">
      <Filter>Common\NGC_RS274</Filter>
    </ClCompile>
    <ClCompile Include="..\..\..\Common\NGC_RS274\NGC_Interpreter.cpp">
      <Filter>Common\NGC_RS274</Filter>
    </ClCompile>
    <ClCompile Include="..\..\..\Common\Hardware_Abstraction_Layer\Virtual\c_core_win.cpp">
      <Filter>Common\Hardware Abstraction Layer\WIN32</Filter>
    </ClCompile>
    <ClCompile Include="..\..\..\Common\Hardware_Abstraction_Layer\Virtual\c_eeprom_win.cpp">
      <Filter>Common\Hardware Abstraction Layer\WIN32</Filter>
    </ClCompile>
    <ClCompile Include="..\..\..\Common\Hardware_Abstraction_Layer\Virtual\c_grbl_win.cpp">
      <Filter>Common\Hardware Abstraction Layer\WIN32</Filter>
    </ClCompile>
    <ClCompile Include="..\..\..\Common\Hardware_Abstraction_Layer\Virtual\c_grbl_win_control.cpp">
      <Filter>Common\Hardware Abstraction Layer\WIN32</Filter>
    </ClCompile>
    <ClCompile Include="..\..\..\Common\Hardware_Abstraction_Layer\Virtual\c_grbl_win_coolant.cpp">
      <Filter>Common\Hardware Abstraction Layer\WIN32</Filter>
    </ClCompile>
    <ClCompile Include="..\..\..\Common\Hardware_Abstraction_Layer\Virtual\c_grbl_win_limits.cpp">
      <Filter>Common\Hardware Abstraction Layer\WIN32</Filter>
    </ClCompile>
    <ClCompile Include="..\..\..\Common\Hardware_Abstraction_Layer\Virtual\c_grbl_win_probe.cpp">
      <Filter>Common\Hardware Abstraction Layer\WIN32</Filter>
    </ClCompile>
    <ClCompile Include="..\..\..\Common\Hardware_Abstraction_Layer\Virtual\c_grbl_win_spindle.cpp">
      <Filter>Common\Hardware Abstraction Layer\WIN32</Filter>
    </ClCompile>
    <ClCompile Include="..\..\..\Common\Hardware_Abstraction_Layer\Virtual\c_grbl_win_stepper.cpp">
      <Filter>Common\Hardware Abstraction Layer\WIN32</Filter>
    </ClCompile>
    <ClCompile Include="..\..\..\Common\Hardware_Abstraction_Layer\Virtual\c_serial_win.cpp">
      <Filter>Common\Hardware Abstraction Layer\WIN32</Filter>
    </ClCompile>
    <ClCompile Include="..\..\c_gcode_plus.cpp" />
    <ClCompile Include="..\..\..\Common\Serial\c_Serial.cpp">
      <Filter>Common\Serial</Filter>
    </ClCompile>
    <ClCompile Include="..\..\Motion_Core\c_segment_timer_item.cpp">
      <Filter>Motion_Core</Filter>
    </ClCompile>
    <ClCompile Include="..\..\Motion_Core\c_segment_arbitrator.cpp">
      <Filter>Motion_Core</Filter>
    </ClCompile>
    <ClCompile Include="..\..\Motion_Core\c_segment_timer_bresenham.cpp">
      <Filter>Motion_Core</Filter>
    </ClCompile>
    <ClCompile Include="..\..\Motion_Core\c_planner_compute_block.cpp">
      <Filter>Motion_Core</Filter>
    </ClCompile>
  </ItemGroup>
  <ItemGroup>
    <ClInclude Include="..\..\all_includes.h" />
    <ClInclude Include="..\..\c_coolant.h" />
    <ClInclude Include="..\..\c_eeprom.h" />
    <ClInclude Include="..\..\c_jog.h" />
    <ClInclude Include="..\..\c_limits.h" />
    <ClInclude Include="..\..\c_motion_control.h" />
    <ClInclude Include="..\..\c_planner.h" />
    <ClInclude Include="..\..\c_print.h" />
    <ClInclude Include="..\..\c_probe.h" />
    <ClInclude Include="..\..\c_protocol.h" />
    <ClInclude Include="..\..\c_report.h" />
    <ClInclude Include="..\..\c_settings.h" />
    <ClInclude Include="..\..\c_spindle.h" />
    <ClInclude Include="..\..\c_stepper.h" />
    <ClInclude Include="..\..\c_system.h" />
    <ClInclude Include="..\..\utils.h" />
    <ClInclude Include="..\..\hardware_def.h" />
    <ClInclude Include="..\..\..\Talos.h" />
    <ClInclude Include="..\..\..\helpers.h" />
    <ClInclude Include="..\..\defaults.h" />
    <ClInclude Include="..\..\..\MSVC++.h" />
    <ClInclude Include="..\..\..\Common\NGC_RS274\NGC_Block.h">
      <Filter>Common\NGC_RS274</Filter>
    </ClInclude>
    <ClInclude Include="..\..\..\Common\NGC_RS274\NGC_Errors.h">
      <Filter>Common\NGC_RS274</Filter>
    </ClInclude>
    <ClInclude Include="..\..\..\Common\NGC_RS274\NGC_G_Codes.h">
      <Filter>Common\NGC_RS274</Filter>
    </ClInclude>
    <ClInclude Include="..\..\..\Common\NGC_RS274\NGC_G_Groups.h">
      <Filter>Common\NGC_RS274</Filter>
    </ClInclude>
    <ClInclude Include="..\..\..\Common\NGC_RS274\NGC_Interpreter.h">
      <Filter>Common\NGC_RS274</Filter>
    </ClInclude>
    <ClInclude Include="..\..\..\Common\NGC_RS274\NGC_M_Codes.h">
      <Filter>Common\NGC_RS274</Filter>
    </ClInclude>
    <ClInclude Include="..\..\..\Common\NGC_RS274\NGC_M_Groups.h">
      <Filter>Common\NGC_RS274</Filter>
    </ClInclude>
    <ClInclude Include="..\..\..\Common\NGC_RS274\NGC_Parameters.h">
      <Filter>Common\NGC_RS274</Filter>
    </ClInclude>
    <ClInclude Include="..\..\..\Common\Hardware_Abstraction_Layer\Virtual\c_core_win.h">
      <Filter>Common\Hardware Abstraction Layer\WIN32</Filter>
    </ClInclude>
    <ClInclude Include="..\..\..\Common\Hardware_Abstraction_Layer\Virtual\c_eeprom_win.h">
      <Filter>Common\Hardware Abstraction Layer\WIN32</Filter>
    </ClInclude>
    <ClInclude Include="..\..\..\Common\Hardware_Abstraction_Layer\Virtual\c_grbl_win.h">
      <Filter>Common\Hardware Abstraction Layer\WIN32</Filter>
    </ClInclude>
    <ClInclude Include="..\..\..\Common\Hardware_Abstraction_Layer\Virtual\c_grbl_win_control.h">
      <Filter>Common\Hardware Abstraction Layer\WIN32</Filter>
    </ClInclude>
    <ClInclude Include="..\..\..\Common\Hardware_Abstraction_Layer\Virtual\c_grbl_win_coolant.h">
      <Filter>Common\Hardware Abstraction Layer\WIN32</Filter>
    </ClInclude>
    <ClInclude Include="..\..\..\Common\Hardware_Abstraction_Layer\Virtual\c_grbl_win_limits.h">
      <Filter>Common\Hardware Abstraction Layer\WIN32</Filter>
    </ClInclude>
    <ClInclude Include="..\..\..\Common\Hardware_Abstraction_Layer\Virtual\c_grbl_win_probe.h">
      <Filter>Common\Hardware Abstraction Layer\WIN32</Filter>
    </ClInclude>
    <ClInclude Include="..\..\..\Common\Hardware_Abstraction_Layer\Virtual\c_grbl_win_spindle.h">
      <Filter>Common\Hardware Abstraction Layer\WIN32</Filter>
    </ClInclude>
    <ClInclude Include="..\..\..\Common\Hardware_Abstraction_Layer\Virtual\c_grbl_win_stepper.h">
      <Filter>Common\Hardware Abstraction Layer\WIN32</Filter>
    </ClInclude>
    <ClInclude Include="..\..\..\Common\Hardware_Abstraction_Layer\Virtual\c_serial_win.h">
      <Filter>Common\Hardware Abstraction Layer\WIN32</Filter>
    </ClInclude>
    <ClInclude Include="..\..\c_gcode_plus.h" />
    <ClInclude Include="..\..\..\Common\Serial\c_Serial.h">
      <Filter>Common\Serial</Filter>
    </ClInclude>
    <ClInclude Include="..\..\..\Common\Serial\s_buffer.h">
      <Filter>Common\Serial</Filter>
    </ClInclude>
    <ClInclude Include="..\..\Motion_Core\c_segment_timer_item.h">
      <Filter>Motion_Core</Filter>
    </ClInclude>
    <ClInclude Include="..\..\Motion_Core\c_segment_arbitrator.h">
      <Filter>Motion_Core</Filter>
    </ClInclude>
    <ClInclude Include="..\..\Motion_Core\c_segment_timer_bresenham.h">
      <Filter>Motion_Core</Filter>
    </ClInclude>
    <ClInclude Include="..\..\Motion_Core\c_planner_compute_block.h">
      <Filter>Motion_Core</Filter>
    </ClInclude>
    <ClInclude Include="..\..\Motion_Core\c_segment.h">
      <Filter>Motion_Core</Filter>
    </ClInclude>
  </ItemGroup>
</Project>