<?xml version="1.0" encoding="utf-8"?>
<Project ToolsVersion="4.0" xmlns="http://schemas.microsoft.com/developer/msbuild/2003">
  <ItemGroup>
    <Filter Include="Encoder">
      <UniqueIdentifier>{e8c44fb5-12ab-440a-9779-067f95646e31}</UniqueIdentifier>
    </Filter>
    <Filter Include="Common">
      <UniqueIdentifier>{b127d703-5b6c-49da-8a8c-92285d1e5664}</UniqueIdentifier>
    </Filter>
    <Filter Include="Driver">
      <UniqueIdentifier>{7f8d9df7-39f5-4956-8a6c-6804e5ae1856}</UniqueIdentifier>
    </Filter>
    <Filter Include="Control">
      <UniqueIdentifier>{7e53b627-8207-46eb-8c0c-dbe23ca70d3c}</UniqueIdentifier>
    </Filter>
    <Filter Include="Common\Serial">
      <UniqueIdentifier>{69cdc5ef-6b2b-4029-b4fc-1066dc6660e7}</UniqueIdentifier>
    </Filter>
    <Filter Include="PID">
      <UniqueIdentifier>{36f1c5db-fe1f-4eaa-9b43-682369c55e20}</UniqueIdentifier>
    </Filter>
    <Filter Include="Common\Hardware Abstraction Layer">
      <UniqueIdentifier>{de997444-3448-45f1-9825-7c207cd304bc}</UniqueIdentifier>
    </Filter>
    <Filter Include="Common\Hardware Abstraction Layer\WIN32">
      <UniqueIdentifier>{882f1804-13a0-4eb8-a241-349e428d0e8a}</UniqueIdentifier>
    </Filter>
    <Filter Include="Synchronizer">
      <UniqueIdentifier>{bb1328ec-b452-4509-b475-35285671cef0}</UniqueIdentifier>
    </Filter>
    <Filter Include="NGC_RS274">
      <UniqueIdentifier>{7ab1c648-427e-4d1f-9dfe-1d2ede56a59c}</UniqueIdentifier>
    </Filter>
    <Filter Include="Settings">
      <UniqueIdentifier>{c9e8c790-bfc8-4e99-a017-d84fdf5a4adc}</UniqueIdentifier>
    </Filter>
  </ItemGroup>
  <ItemGroup>
    <ClCompile Include="..\..\c_processor.cpp" />
    <ClCompile Include="..\..\c_driver.cpp">
      <Filter>Driver</Filter>
    </ClCompile>
    <ClCompile Include="..\..\c_encoder.cpp">
      <Filter>Encoder</Filter>
    </ClCompile>
    <ClCompile Include="..\..\main.cpp" />
    <ClCompile Include="..\..\..\Common\Serial\c_Serial.cpp">
      <Filter>Common\Serial</Filter>
    </ClCompile>
    <ClCompile Include="..\..\c_state_manager.cpp">
      <Filter>Control</Filter>
    </ClCompile>
    <ClCompile Include="..\..\c_pid.cpp">
      <Filter>PID</Filter>
    </ClCompile>
    <ClCompile Include="..\..\..\Common\Hardware_Abstraction_Layer\Virtual\c_cpu_VIRTUAL.cpp">
      <Filter>Common\Hardware Abstraction Layer\WIN32</Filter>
    </ClCompile>
    <ClCompile Include="..\..\..\Common\Hardware_Abstraction_Layer\Virtual\c_spindle_win.cpp">
      <Filter>Common\Hardware Abstraction Layer\WIN32</Filter>
    </ClCompile>
    <ClCompile Include="..\..\..\Common\Hardware_Abstraction_Layer\Virtual\c_core_win.cpp">
      <Filter>Common\Hardware Abstraction Layer\WIN32</Filter>
    </ClCompile>
    <ClCompile Include="..\..\..\Common\Hardware_Abstraction_Layer\Virtual\c_serial_win.cpp">
      <Filter>Common\Hardware Abstraction Layer\WIN32</Filter>
    </ClCompile>
    <ClCompile Include="..\..\c_synchronizer.cpp">
      <Filter>Synchronizer</Filter>
    </ClCompile>
    <ClCompile Include="..\..\..\Common\NGC_RS274\NGC_Block.cpp">
      <Filter>NGC_RS274</Filter>
    </ClCompile>
    <ClCompile Include="..\..\..\Common\NGC_RS274\NGC_Interpreter.cpp">
      <Filter>NGC_RS274</Filter>
    </ClCompile>
    <ClCompile Include="..\..\c_settings.cpp">
      <Filter>Settings</Filter>
    </ClCompile>
  </ItemGroup>
  <ItemGroup>
    <ClInclude Include="..\..\c_processor.h" />
    <ClInclude Include="..\..\c_driver.h">
      <Filter>Driver</Filter>
    </ClInclude>
    <ClInclude Include="..\..\c_encoder.h">
      <Filter>Encoder</Filter>
    </ClInclude>
    <ClInclude Include="..\..\..\Common\Serial\c_Serial.h">
      <Filter>Common\Serial</Filter>
    </ClInclude>
    <ClInclude Include="..\..\..\Common\Serial\s_buffer.h">
      <Filter>Common\Serial</Filter>
    </ClInclude>
    <ClInclude Include="..\..\c_state_manager.h">
      <Filter>Control</Filter>
    </ClInclude>
    <ClInclude Include="..\..\..\Talos.h" />
    <ClInclude Include="..\..\c_pid.h">
      <Filter>PID</Filter>
    </ClInclude>
    <ClInclude Include="..\..\..\Common\Hardware_Abstraction_Layer\Virtual\c_cpu_VIRTUAL.h">
      <Filter>Common\Hardware Abstraction Layer\WIN32</Filter>
    </ClInclude>
    <ClInclude Include="..\..\hardware_def.h" />
    <ClInclude Include="..\..\..\Common\Hardware_Abstraction_Layer\Virtual\c_spindle_win.h">
      <Filter>Common\Hardware Abstraction Layer\WIN32</Filter>
    </ClInclude>
    <ClInclude Include="..\..\..\Common\Hardware_Abstraction_Layer\Virtual\c_core_win.h">
      <Filter>Common\Hardware Abstraction Layer\WIN32</Filter>
    </ClInclude>
    <ClInclude Include="..\..\..\Common\Hardware_Abstraction_Layer\Virtual\c_serial_win.h">
      <Filter>Common\Hardware Abstraction Layer\WIN32</Filter>
    </ClInclude>
    <ClInclude Include="..\..\c_synchronizer.h">
      <Filter>Synchronizer</Filter>
    </ClInclude>
    <ClInclude Include="..\..\..\Common\NGC_RS274\NGC_Block.h">
      <Filter>NGC_RS274</Filter>
    </ClInclude>
    <ClInclude Include="..\..\..\Common\NGC_RS274\NGC_Errors.h">
      <Filter>NGC_RS274</Filter>
    </ClInclude>
    <ClInclude Include="..\..\..\Common\NGC_RS274\NGC_G_Codes.h">
      <Filter>NGC_RS274</Filter>
    </ClInclude>
    <ClInclude Include="..\..\..\Common\NGC_RS274\NGC_G_Groups.h">
      <Filter>NGC_RS274</Filter>
    </ClInclude>
    <ClInclude Include="..\..\..\Common\NGC_RS274\NGC_Interpreter.h">
      <Filter>NGC_RS274</Filter>
    </ClInclude>
    <ClInclude Include="..\..\..\Common\NGC_RS274\NGC_M_Codes.h">
      <Filter>NGC_RS274</Filter>
    </ClInclude>
    <ClInclude Include="..\..\..\Common\NGC_RS274\NGC_M_Groups.h">
      <Filter>NGC_RS274</Filter>
    </ClInclude>
    <ClInclude Include="..\..\..\Common\NGC_RS274\NGC_Parameters.h">
      <Filter>NGC_RS274</Filter>
    </ClInclude>
    <ClInclude Include="..\..\c_settings.h">
      <Filter>Settings</Filter>
    </ClInclude>
  </ItemGroup>
</Project>